# This file is autogenerated, do not edit; changes may be undone by the next 'dep ensure'.


[[projects]]
  name = "github.com/imdario/mergo"
  packages = ["."]
  revision = "3e95a51e0639b4cf372f2ccf74c86749d747fbdc"
  version = "0.2.2"

[solve-meta]
  analyzer-name = "dep"
  analyzer-version = 1
  inputs-digest = "c22bc6dfe907d68fa78e2c9c7bfd643c378b7ebd43df14391ba654e6ef4f3cac"
  solver-name = "gps-cdcl"
  solver-version = 1
